// !$*UTF8*$!
{
	archiveVersion = 1;
	classes = {
	};
	objectVersion = 71;
	objects = {

/* Begin PBXBuildFile section */
		A1B2C3D4E5F6A1B2C3D4E5F6 /* SwiftUI.framework in Frameworks */ = {isa = PBXBuildFile; fileRef = C1B2C3D4E5F6C1B2C3D4E5F2 /* SwiftUI.framework */; };
		A1B2C3D4E5F6A1B2C3D4E5F7 /* SwiftData.framework in Frameworks */ = {isa = PBXBuildFile; fileRef = C1B2C3D4E5F6C1B2C3D4E5F3 /* SwiftData.framework */; };
		A37C8BC8F5E2A6888498FE23 /* LLMContractTests.swift in Sources */ = {isa = PBXBuildFile; fileRef = 8F4EBF740500E7FE5EAA5321 /* LLMContractTests.swift */; };
		BC04277FC6CB662D48FAE065 /* Foundation.framework in Frameworks */ = {isa = PBXBuildFile; fileRef = 7EB94E6B0F1C758B723F72BB /* Foundation.framework */; };
		CC0E10A757F9FE93365DCE4F /* EstimationRuntimeTests.swift in Sources */ = {isa = PBXBuildFile; fileRef = 7C05712DB950A201BBFA95FD /* EstimationRuntimeTests.swift */; };
		CC5911171461B1AA3971586D /* XCTest.framework in Frameworks */ = {isa = PBXBuildFile; fileRef = 569718750664E9C30CC461F1 /* XCTest.framework */; };
/* End PBXBuildFile section */

/* Begin PBXContainerItemProxy section */
		4EEEE1C3B2FCA6A3A3DE8A11 /* PBXContainerItemProxy */ = {
			isa = PBXContainerItemProxy;
			containerPortal = 11B2C3D4E5F611B2C3D4E5F1 /* Project object */;
			proxyType = 1;
			remoteGlobalIDString = F1B2C3D4E5F6F1B2C3D4E5F1;
			remoteInfo = LifeAdvisorApp;
		};
/* End PBXContainerItemProxy section */

/* Begin PBXFileReference section */
		569718750664E9C30CC461F1 /* XCTest.framework */ = {isa = PBXFileReference; lastKnownFileType = wrapper.framework; name = XCTest.framework; path = Platforms/iPhoneOS.platform/Developer/SDKs/iPhoneOS18.0.sdk/System/Library/Frameworks/XCTest.framework; sourceTree = DEVELOPER_DIR; };
		7C05712DB950A201BBFA95FD /* EstimationRuntimeTests.swift */ = {isa = PBXFileReference; includeInIndex = 1; lastKnownFileType = sourcecode.swift; name = EstimationRuntimeTests.swift; path = LifeAdvisorAppTests/EstimationRuntimeTests.swift; sourceTree = "<group>"; };
		7EB94E6B0F1C758B723F72BB /* Foundation.framework */ = {isa = PBXFileReference; lastKnownFileType = wrapper.framework; name = Foundation.framework; path = Platforms/iPhoneOS.platform/Developer/SDKs/iPhoneOS18.0.sdk/System/Library/Frameworks/Foundation.framework; sourceTree = DEVELOPER_DIR; };
		8F4EBF740500E7FE5EAA5321 /* LLMContractTests.swift */ = {isa = PBXFileReference; includeInIndex = 1; lastKnownFileType = sourcecode.swift; name = LLMContractTests.swift; path = LifeAdvisorAppTests/LLMContractTests.swift; sourceTree = "<group>"; };
		C1B2C3D4E5F6C1B2C3D4E5F1 /* LifeAdvisorApp.app */ = {isa = PBXFileReference; explicitFileType = wrapper.application; includeInIndex = 0; path = LifeAdvisorApp.app; sourceTree = BUILT_PRODUCTS_DIR; };
		C1B2C3D4E5F6C1B2C3D4E5F2 /* SwiftUI.framework */ = {isa = PBXFileReference; lastKnownFileType = wrapper.framework; name = SwiftUI.framework; path = System/Library/Frameworks/SwiftUI.framework; sourceTree = SDKROOT; };
		C1B2C3D4E5F6C1B2C3D4E5F3 /* SwiftData.framework */ = {isa = PBXFileReference; lastKnownFileType = wrapper.framework; name = SwiftData.framework; path = System/Library/Frameworks/SwiftData.framework; sourceTree = SDKROOT; };
		C7CF923BC3998E8CDF650C05 /* LifeAdvisorAppTests.xctest */ = {isa = PBXFileReference; explicitFileType = wrapper.cfbundle; includeInIndex = 0; path = LifeAdvisorAppTests.xctest; sourceTree = BUILT_PRODUCTS_DIR; };
/* End PBXFileReference section */

/* Begin PBXFileSystemSynchronizedRootGroup section */
		B1B2C3D4E5F6B1B2C3D4E5F1 /* App */ = {isa = PBXFileSystemSynchronizedRootGroup; explicitFileTypes = {}; explicitFolders = (); path = App; sourceTree = "<group>"; };
		B1B2C3D4E5F6B1B2C3D4E5F2 /* Models */ = {isa = PBXFileSystemSynchronizedRootGroup; explicitFileTypes = {}; explicitFolders = (); path = Models; sourceTree = "<group>"; };
		B1B2C3D4E5F6B1B2C3D4E5F3 /* Views */ = {isa = PBXFileSystemSynchronizedRootGroup; explicitFileTypes = {}; explicitFolders = (); path = Views; sourceTree = "<group>"; };
		B1B2C3D4E5F6B1B2C3D4E5F4 /* Services */ = {isa = PBXFileSystemSynchronizedRootGroup; explicitFileTypes = {}; explicitFolders = (); path = Services; sourceTree = "<group>"; };
		B1B2C3D4E5F6B1B2C3D4E5F5 /* Resources */ = {isa = PBXFileSystemSynchronizedRootGroup; explicitFileTypes = {}; explicitFolders = (); path = Resources; sourceTree = "<group>"; };
/* End PBXFileSystemSynchronizedRootGroup section */

/* Begin PBXFrameworksBuildPhase section */
		20400DD26F3F71D78DE58ED4 /* Frameworks */ = {
			isa = PBXFrameworksBuildPhase;
			buildActionMask = 2147483647;
			files = (
				BC04277FC6CB662D48FAE065 /* Foundation.framework in Frameworks */,
				CC5911171461B1AA3971586D /* XCTest.framework in Frameworks */,
			);
			runOnlyForDeploymentPostprocessing = 0;
		};
		D1B2C3D4E5F6D1B2C3D4E5F1 /* Frameworks */ = {
			isa = PBXFrameworksBuildPhase;
			buildActionMask = 2147483647;
			files = (
				A1B2C3D4E5F6A1B2C3D4E5F6 /* SwiftUI.framework in Frameworks */,
				A1B2C3D4E5F6A1B2C3D4E5F7 /* SwiftData.framework in Frameworks */,
			);
			runOnlyForDeploymentPostprocessing = 0;
		};
/* End PBXFrameworksBuildPhase section */

/* Begin PBXGroup section */
		0E4981F232CFFDCB0D0C2626 /* LifeAdvisorAppTests */ = {
			isa = PBXGroup;
			children = (
				8F4EBF740500E7FE5EAA5321 /* LLMContractTests.swift */,
				7C05712DB950A201BBFA95FD /* EstimationRuntimeTests.swift */,
			);
			name = LifeAdvisorAppTests;
			sourceTree = "<group>";
		};
		2C068EC42FA66FE200F6417C /* Recovered References */ = {
			isa = PBXGroup;
			children = (
				C1B2C3D4E5F6C1B2C3D4E5F2 /* SwiftUI.framework */,
				C1B2C3D4E5F6C1B2C3D4E5F3 /* SwiftData.framework */,
			);
			name = "Recovered References";
			sourceTree = "<group>";
		};
		981F30F5C5BC3D627B1124B5 /* Frameworks */ = {
			isa = PBXGroup;
			children = (
				F7AC31FA84B00F7369069285 /* iOS */,
			);
			name = Frameworks;
			sourceTree = "<group>";
		};
		E1B2C3D4E5F6E1B2C3D4E5F1 = {
			isa = PBXGroup;
			children = (
				E1B2C3D4E5F6E1B2C3D4E5F2 /* LifeAdvisorApp */,
				E1B2C3D4E5F6E1B2C3D4E5F3 /* Products */,
				2C068EC42FA66FE200F6417C /* Recovered References */,
				981F30F5C5BC3D627B1124B5 /* Frameworks */,
				0E4981F232CFFDCB0D0C2626 /* LifeAdvisorAppTests */,
			);
			sourceTree = "<group>";
		};
		E1B2C3D4E5F6E1B2C3D4E5F2 /* LifeAdvisorApp */ = {
			isa = PBXGroup;
			children = (
				B1B2C3D4E5F6B1B2C3D4E5F1 /* App */,
				B1B2C3D4E5F6B1B2C3D4E5F2 /* Models */,
				B1B2C3D4E5F6B1B2C3D4E5F3 /* Views */,
				B1B2C3D4E5F6B1B2C3D4E5F4 /* Services */,
				B1B2C3D4E5F6B1B2C3D4E5F5 /* Resources */,
			);
			path = LifeAdvisorApp;
			sourceTree = "<group>";
		};
		E1B2C3D4E5F6E1B2C3D4E5F3 /* Products */ = {
			isa = PBXGroup;
			children = (
				C1B2C3D4E5F6C1B2C3D4E5F1 /* LifeAdvisorApp.app */,
				C7CF923BC3998E8CDF650C05 /* LifeAdvisorAppTests.xctest */,
			);
			name = Products;
			sourceTree = "<group>";
		};
		F7AC31FA84B00F7369069285 /* iOS */ = {
			isa = PBXGroup;
			children = (
				7EB94E6B0F1C758B723F72BB /* Foundation.framework */,
				569718750664E9C30CC461F1 /* XCTest.framework */,
			);
			name = iOS;
			sourceTree = "<group>";
		};
/* End PBXGroup section */

/* Begin PBXNativeTarget section */
		EEFB61D670E6EEC1FB570D3A /* LifeAdvisorAppTests */ = {
			isa = PBXNativeTarget;
			buildConfigurationList = 0C01FE964822172D8AA0491F /* Build configuration list for PBXNativeTarget "LifeAdvisorAppTests" */;
			buildPhases = (
				87F722E034771D3CD047E17C /* Sources */,
				20400DD26F3F71D78DE58ED4 /* Frameworks */,
				66219415B55D3021202F51C1 /* Resources */,
			);
			buildRules = (
			);
			dependencies = (
				7CE598957CB9024E621E76D1 /* PBXTargetDependency */,
			);
			name = LifeAdvisorAppTests;
			productName = LifeAdvisorAppTests;
			productReference = C7CF923BC3998E8CDF650C05 /* LifeAdvisorAppTests.xctest */;
			productType = "com.apple.product-type.bundle.unit-test";
		};
		F1B2C3D4E5F6F1B2C3D4E5F1 /* LifeAdvisorApp */ = {
			isa = PBXNativeTarget;
			buildConfigurationList = 51B2C3D4E5F651B2C3D4E5F2 /* Build configuration list for PBXNativeTarget "LifeAdvisorApp" */;
			buildPhases = (
				21B2C3D4E5F621B2C3D4E5F1 /* Sources */,
				D1B2C3D4E5F6D1B2C3D4E5F1 /* Frameworks */,
				31B2C3D4E5F631B2C3D4E5F1 /* Resources */,
			);
			buildRules = (
			);
			dependencies = (
			);
			fileSystemSynchronizedGroups = (
				B1B2C3D4E5F6B1B2C3D4E5F1 /* App */,
				B1B2C3D4E5F6B1B2C3D4E5F2 /* Models */,
				B1B2C3D4E5F6B1B2C3D4E5F3 /* Views */,
				B1B2C3D4E5F6B1B2C3D4E5F4 /* Services */,
				B1B2C3D4E5F6B1B2C3D4E5F5 /* Resources */,
			);
			name = LifeAdvisorApp;
			productName = LifeAdvisorApp;
			productReference = C1B2C3D4E5F6C1B2C3D4E5F1 /* LifeAdvisorApp.app */;
			productType = "com.apple.product-type.application";
		};
/* End PBXNativeTarget section */

/* Begin PBXProject section */
		11B2C3D4E5F611B2C3D4E5F1 /* Project object */ = {
			isa = PBXProject;
			attributes = {
				BuildIndependentTargetsInParallel = 1;
				LastSwiftUpdateCheck = 1600;
				LastUpgradeCheck = 1600;
				TargetAttributes = {
					F1B2C3D4E5F6F1B2C3D4E5F1 = {
						CreatedOnToolsVersion = 16.0;
					};
				};
			};
			buildConfigurationList = 51B2C3D4E5F651B2C3D4E5F1 /* Build configuration list for PBXProject "LifeAdvisorApp" */;
			compatibilityVersion = "Xcode 16.0";
			developmentRegion = en;
			hasScannedForEncodings = 0;
			knownRegions = (
				en,
				Base,
			);
			mainGroup = E1B2C3D4E5F6E1B2C3D4E5F1;
			productRefGroup = E1B2C3D4E5F6E1B2C3D4E5F3 /* Products */;
			projectDirPath = "";
			projectRoot = "";
			targets = (
				F1B2C3D4E5F6F1B2C3D4E5F1 /* LifeAdvisorApp */,
				EEFB61D670E6EEC1FB570D3A /* LifeAdvisorAppTests */,
			);
		};
/* End PBXProject section */

/* Begin PBXResourcesBuildPhase section */
		31B2C3D4E5F631B2C3D4E5F1 /* Resources */ = {
			isa = PBXResourcesBuildPhase;
			buildActionMask = 2147483647;
			files = (
			);
			runOnlyForDeploymentPostprocessing = 0;
		};
		66219415B55D3021202F51C1 /* Resources */ = {
			isa = PBXResourcesBuildPhase;
			buildActionMask = 2147483647;
			files = (
			);
			runOnlyForDeploymentPostprocessing = 0;
		};
/* End PBXResourcesBuildPhase section */

/* Begin PBXSourcesBuildPhase section */
		21B2C3D4E5F621B2C3D4E5F1 /* Sources */ = {
			isa = PBXSourcesBuildPhase;
			buildActionMask = 2147483647;
			files = (
			);
			runOnlyForDeploymentPostprocessing = 0;
		};
		87F722E034771D3CD047E17C /* Sources */ = {
			isa = PBXSourcesBuildPhase;
			buildActionMask = 2147483647;
			files = (
				A37C8BC8F5E2A6888498FE23 /* LLMContractTests.swift in Sources */,
				CC0E10A757F9FE93365DCE4F /* EstimationRuntimeTests.swift in Sources */,
			);
			runOnlyForDeploymentPostprocessing = 0;
		};
/* End PBXSourcesBuildPhase section */

/* Begin PBXTargetDependency section */
		7CE598957CB9024E621E76D1 /* PBXTargetDependency */ = {
			isa = PBXTargetDependency;
			name = LifeAdvisorApp;
			target = F1B2C3D4E5F6F1B2C3D4E5F1 /* LifeAdvisorApp */;
			targetProxy = 4EEEE1C3B2FCA6A3A3DE8A11 /* PBXContainerItemProxy */;
		};
/* End PBXTargetDependency section */

/* Begin XCBuildConfiguration section */
		11CD053E95B4C21DA372DCFF /* Debug */ = {
			isa = XCBuildConfiguration;
			buildSettings = {
				BUNDLE_LOADER = "$(TEST_HOST)";
				CLANG_ENABLE_MODULES = YES;
				CLANG_ENABLE_OBJC_WEAK = NO;
				CODE_SIGNING_ALLOWED = NO;
				GENERATE_INFOPLIST_FILE = YES;
				INFOPLIST_KEY_CFBundleExecutable = "$(PRODUCT_NAME)";
				IPHONEOS_DEPLOYMENT_TARGET = 17.0;
				PRODUCT_BUNDLE_IDENTIFIER = com.lifeadvisor.LifeAdvisorAppTests;
				PRODUCT_NAME = "$(TARGET_NAME)";
				SDKROOT = iphoneos;
				SWIFT_VERSION = 5.0;
				TEST_HOST = "$(BUILT_PRODUCTS_DIR)/LifeAdvisorApp.app/LifeAdvisorApp";
				WRAPPER_EXTENSION = xctest;
			};
			name = Debug;
		};
		41B2C3D4E5F641B2C3D4E5F1 /* Debug */ = {
			isa = XCBuildConfiguration;
			buildSettings = {
				ALWAYS_SEARCH_USER_PATHS = NO;
				ASSETCATALOG_COMPILER_GENERATE_SWIFT_ASSET_SYMBOL_EXTENSIONS = YES;
				CLANG_ANALYZER_NONNULL = YES;
				CLANG_ANALYZER_NUMBER_OBJECT_CONVERSION = YES_AGGRESSIVE;
				CLANG_CXX_LANGUAGE_STANDARD = "gnu++20";
				CLANG_ENABLE_MODULES = YES;
				CLANG_ENABLE_OBJC_ARC = YES;
				CLANG_ENABLE_OBJC_WEAK = YES;
				CLANG_WARN_BLOCK_CAPTURE_AUTORELEASING = YES;
				CLANG_WARN_BOOL_CONVERSION = YES;
				CLANG_WARN_COMMA = YES;
				CLANG_WARN_CONSTANT_CONVERSION = YES;
				CLANG_WARN_DEPRECATED_OBJC_IMPLEMENTATIONS = YES;
				CLANG_WARN_DIRECT_OBJC_ISA_USAGE = YES_ERROR;
				CLANG_WARN_DOCUMENTATION_COMMENTS = YES;
				CLANG_WARN_EMPTY_BODY = YES;
				CLANG_WARN_ENUM_CONVERSION = YES;
				CLANG_WARN_INFINITE_RECURSION = YES;
				CLANG_WARN_INT_CONVERSION = YES;
				CLANG_WARN_NON_LITERAL_NULL_CONVERSION = YES;
				CLANG_WARN_OBJC_IMPLICIT_RETAIN_SELF = YES;
				CLANG_WARN_OBJC_LITERAL_CONVERSION = YES;
				CLANG_WARN_OBJC_ROOT_CLASS = YES_ERROR;
				CLANG_WARN_QUOTED_INCLUDE_IN_FRAMEWORK_HEADER = YES;
				CLANG_WARN_RANGE_LOOP_ANALYSIS = YES;
				CLANG_WARN_STRICT_PROTOTYPES = YES;
				CLANG_WARN_SUSPICIOUS_MOVE = YES;
				CLANG_WARN_UNGUARDED_AVAILABILITY = YES_AGGRESSIVE;
				CLANG_WARN_UNREACHABLE_CODE = YES;
				CLANG_WARN__DUPLICATE_METHOD_MATCH = YES;
				COPY_PHASE_STRIP = NO;
				DEBUG_INFORMATION_FORMAT = dwarf;
				ENABLE_STRICT_OBJC_MSGSEND = YES;
				ENABLE_TESTABILITY = YES;
				ENABLE_USER_SCRIPT_SANDBOXING = YES;
				GCC_C_LANGUAGE_STANDARD = gnu17;
				GCC_DYNAMIC_NO_PIC = NO;
				GCC_NO_COMMON_BLOCKS = YES;
				GCC_OPTIMIZATION_LEVEL = 0;
				GCC_PREPROCESSOR_DEFINITIONS = (
					"DEBUG=1",
					"$(inherited)",
				);
				GCC_WARN_64_TO_32_BIT_CONVERSION = YES;
				GCC_WARN_ABOUT_RETURN_TYPE = YES_ERROR;
				GCC_WARN_UNDECLARED_SELECTOR = YES;
				GCC_WARN_UNINITIALIZED_AUTOS = YES_AGGRESSIVE;
				GCC_WARN_UNUSED_FUNCTION = YES;
				GCC_WARN_UNUSED_VARIABLE = YES;
				IPHONEOS_DEPLOYMENT_TARGET = 17.0;
				LOCALIZATION_PREFERS_STRING_CATALOGS = YES;
				MTL_ENABLE_DEBUG_INFO = INCLUDE_SOURCE;
				MTL_FAST_MATH = YES;
				ONLY_ACTIVE_ARCH = YES;
				SDKROOT = iphoneos;
				SWIFT_ACTIVE_COMPILATION_CONDITIONS = "DEBUG $(inherited)";
				SWIFT_OPTIMIZATION_LEVEL = "-Onone";
			};
			name = Debug;
		};
		41B2C3D4E5F641B2C3D4E5F2 /* Release */ = {
			isa = XCBuildConfiguration;
			buildSettings = {
				ALWAYS_SEARCH_USER_PATHS = NO;
				ASSETCATALOG_COMPILER_GENERATE_SWIFT_ASSET_SYMBOL_EXTENSIONS = YES;
				CLANG_ANALYZER_NONNULL = YES;
				CLANG_ANALYZER_NUMBER_OBJECT_CONVERSION = YES_AGGRESSIVE;
				CLANG_CXX_LANGUAGE_STANDARD = "gnu++20";
				CLANG_ENABLE_MODULES = YES;
				CLANG_ENABLE_OBJC_ARC = YES;
				CLANG_ENABLE_OBJC_WEAK = YES;
				CLANG_WARN_BLOCK_CAPTURE_AUTORELEASING = YES;
				CLANG_WARN_BOOL_CONVERSION = YES;
				CLANG_WARN_COMMA = YES;
				CLANG_WARN_CONSTANT_CONVERSION = YES;
				CLANG_WARN_DEPRECATED_OBJC_IMPLEMENTATIONS = YES;
				CLANG_WARN_DIRECT_OBJC_ISA_USAGE = YES_ERROR;
				CLANG_WARN_DOCUMENTATION_COMMENTS = YES;
				CLANG_WARN_EMPTY_BODY = YES;
				CLANG_WARN_ENUM_CONVERSION = YES;
				CLANG_WARN_INFINITE_RECURSION = YES;
				CLANG_WARN_INT_CONVERSION = YES;
				CLANG_WARN_NON_LITERAL_NULL_CONVERSION = YES;
				CLANG_WARN_OBJC_IMPLICIT_RETAIN_SELF = YES;
				CLANG_WARN_OBJC_LITERAL_CONVERSION = YES;
				CLANG_WARN_OBJC_ROOT_CLASS = YES_ERROR;
				CLANG_WARN_QUOTED_INCLUDE_IN_FRAMEWORK_HEADER = YES;
				CLANG_WARN_RANGE_LOOP_ANALYSIS = YES;
				CLANG_WARN_STRICT_PROTOTYPES = YES;
				CLANG_WARN_SUSPICIOUS_MOVE = YES;
				CLANG_WARN_UNGUARDED_AVAILABILITY = YES_AGGRESSIVE;
				CLANG_WARN_UNREACHABLE_CODE = YES;
				CLANG_WARN__DUPLICATE_METHOD_MATCH = YES;
				COPY_PHASE_STRIP = NO;
				DEBUG_INFORMATION_FORMAT = "dwarf-with-dsym";
				ENABLE_NS_ASSERTIONS = NO;
				ENABLE_STRICT_OBJC_MSGSEND = YES;
				ENABLE_USER_SCRIPT_SANDBOXING = YES;
				GCC_C_LANGUAGE_STANDARD = gnu17;
				GCC_NO_COMMON_BLOCKS = YES;
				GCC_WARN_64_TO_32_BIT_CONVERSION = YES;
				GCC_WARN_ABOUT_RETURN_TYPE = YES_ERROR;
				GCC_WARN_UNDECLARED_SELECTOR = YES;
				GCC_WARN_UNINITIALIZED_AUTOS = YES_AGGRESSIVE;
				GCC_WARN_UNUSED_FUNCTION = YES;
				GCC_WARN_UNUSED_VARIABLE = YES;
				IPHONEOS_DEPLOYMENT_TARGET = 17.0;
				LOCALIZATION_PREFERS_STRING_CATALOGS = YES;
				MTL_ENABLE_DEBUG_INFO = NO;
				MTL_FAST_MATH = YES;
				SDKROOT = iphoneos;
				SWIFT_COMPILATION_MODE = wholemodule;
				VALIDATE_PRODUCT = YES;
			};
			name = Release;
		};
		41B2C3D4E5F641B2C3D4E5F3 /* Debug */ = {
			isa = XCBuildConfiguration;
			buildSettings = {
				ASSETCATALOG_COMPILER_APPICON_NAME = AppIcon;
				CODE_SIGN_STYLE = Automatic;
				CURRENT_PROJECT_VERSION = 1;
				ENABLE_PREVIEWS = YES;
				GENERATE_INFOPLIST_FILE = YES;
				INFOPLIST_KEY_CFBundleDisplayName = "Life Advisor";
				INFOPLIST_KEY_UIApplicationSceneManifest_Generation = YES;
				INFOPLIST_KEY_UIApplicationSupportsIndirectInputEvents = YES;
				INFOPLIST_KEY_UILaunchScreen_Generation = YES;
				INFOPLIST_KEY_UISupportedInterfaceOrientations_iPad = "UIInterfaceOrientationPortrait UIInterfaceOrientationPortraitUpsideDown UIInterfaceOrientationLandscapeLeft UIInterfaceOrientationLandscapeRight";
				INFOPLIST_KEY_UISupportedInterfaceOrientations_iPhone = "UIInterfaceOrientationPortrait UIInterfaceOrientationLandscapeLeft UIInterfaceOrientationLandscapeRight";
				LD_RUNPATH_SEARCH_PATHS = (
					"$(inherited)",
					"@executable_path/Frameworks",
				);
				MARKETING_VERSION = 1.0;
				PRODUCT_BUNDLE_IDENTIFIER = com.lifeadvisor.LifeAdvisorApp;
				PRODUCT_NAME = "$(TARGET_NAME)";
				SWIFT_EMIT_LOC_STRINGS = YES;
				SWIFT_VERSION = 5.0;
				TARGETED_DEVICE_FAMILY = "1,2";
			};
			name = Debug;
		};
		41B2C3D4E5F641B2C3D4E5F4 /* Release */ = {
			isa = XCBuildConfiguration;
			buildSettings = {
				ASSETCATALOG_COMPILER_APPICON_NAME = AppIcon;
				CODE_SIGN_STYLE = Automatic;
				CURRENT_PROJECT_VERSION = 1;
				ENABLE_PREVIEWS = YES;
				GENERATE_INFOPLIST_FILE = YES;
				INFOPLIST_KEY_CFBundleDisplayName = "Life Advisor";
				INFOPLIST_KEY_UIApplicationSceneManifest_Generation = YES;
				INFOPLIST_KEY_UIApplicationSupportsIndirectInputEvents = YES;
				INFOPLIST_KEY_UILaunchScreen_Generation = YES;
				INFOPLIST_KEY_UISupportedInterfaceOrientations_iPad = "UIInterfaceOrientationPortrait UIInterfaceOrientationPortraitUpsideDown UIInterfaceOrientationLandscapeLeft UIInterfaceOrientationLandscapeRight";
				INFOPLIST_KEY_UISupportedInterfaceOrientations_iPhone = "UIInterfaceOrientationPortrait UIInterfaceOrientationLandscapeLeft UIInterfaceOrientationLandscapeRight";
				LD_RUNPATH_SEARCH_PATHS = (
					"$(inherited)",
					"@executable_path/Frameworks",
				);
				MARKETING_VERSION = 1.0;
				PRODUCT_BUNDLE_IDENTIFIER = com.lifeadvisor.LifeAdvisorApp;
				PRODUCT_NAME = "$(TARGET_NAME)";
				SWIFT_EMIT_LOC_STRINGS = YES;
				SWIFT_VERSION = 5.0;
				TARGETED_DEVICE_FAMILY = "1,2";
			};
			name = Release;
		};
		B6CDFBA83FEC84273B35365C /* Release */ = {
			isa = XCBuildConfiguration;
			buildSettings = {
				BUNDLE_LOADER = "$(TEST_HOST)";
				CLANG_ENABLE_MODULES = YES;
				CLANG_ENABLE_OBJC_WEAK = NO;
				CODE_SIGNING_ALLOWED = NO;
				GENERATE_INFOPLIST_FILE = YES;
				INFOPLIST_KEY_CFBundleExecutable = "$(PRODUCT_NAME)";
				IPHONEOS_DEPLOYMENT_TARGET = 17.0;
				PRODUCT_BUNDLE_IDENTIFIER = com.lifeadvisor.LifeAdvisorAppTests;
				PRODUCT_NAME = "$(TARGET_NAME)";
				SDKROOT = iphoneos;
				SWIFT_VERSION = 5.0;
				TEST_HOST = "$(BUILT_PRODUCTS_DIR)/LifeAdvisorApp.app/LifeAdvisorApp";
				VALIDATE_PRODUCT = YES;
				WRAPPER_EXTENSION = xctest;
			};
			name = Release;
		};
/* End XCBuildConfiguration section */

/* Begin XCConfigurationList section */
		0C01FE964822172D8AA0491F /* Build configuration list for PBXNativeTarget "LifeAdvisorAppTests" */ = {
			isa = XCConfigurationList;
			buildConfigurations = (
				B6CDFBA83FEC84273B35365C /* Release */,
				11CD053E95B4C21DA372DCFF /* Debug */,
			);
			defaultConfigurationIsVisible = 0;
			defaultConfigurationName = Release;
		};
		51B2C3D4E5F651B2C3D4E5F1 /* Build configuration list for PBXProject "LifeAdvisorApp" */ = {
			isa = XCConfigurationList;
			buildConfigurations = (
				41B2C3D4E5F641B2C3D4E5F1 /* Debug */,
				41B2C3D4E5F641B2C3D4E5F2 /* Release */,
			);
			defaultConfigurationIsVisible = 0;
			defaultConfigurationName = Release;
		};
		51B2C3D4E5F651B2C3D4E5F2 /* Build configuration list for PBXNativeTarget "LifeAdvisorApp" */ = {
			isa = XCConfigurationList;
			buildConfigurations = (
				41B2C3D4E5F641B2C3D4E5F3 /* Debug */,
				41B2C3D4E5F641B2C3D4E5F4 /* Release */,
			);
			defaultConfigurationIsVisible = 0;
			defaultConfigurationName = Release;
		};
/* End XCConfigurationList section */
	};
	rootObject = 11B2C3D4E5F611B2C3D4E5F1 /* Project object */;
}
